
Microsoft Visual Studio Solution File, Format Version 12.00
# Visual Studio Version 16
VisualStudioVersion = 16.0.29230.47
MinimumVisualStudioVersion = 10.0.40219.1
Project("{FAE04EC0-301F-11D3-BF4B-00C04F79EFBC}") = "DAL", "DAL\DAL.csproj", "{3A7A4ABB-4CD5-474E-A8F6-2501A470F72F}"
EndProject
Project("{FAE04EC0-301F-11D3-BF4B-00C04F79EFBC}") = "BLL", "BLL\BLL.csproj", "{03574053-23A1-43BB-B34C-2FB72AFD4676}"
EndProject
Project("{FAE04EC0-301F-11D3-BF4B-00C04F79EFBC}") = "Entity", "Entity\Entity.csproj", "{B1F92219-1FB4-4DCA-99E8-720C66978B4B}"
EndProject
Project("{FAE04EC0-301F-11D3-BF4B-00C04F79EFBC}") = "PulsacionesGUI", "PulsacionesGUI\PulsacionesGUI.csproj", "{063C652A-AF08-42A3-BD27-6780706D3C7B}"
EndProject
Global
	GlobalSection(SolutionConfigurationPlatforms) = preSolution
		Debug|Any CPU = Debug|Any CPU
		Release|Any CPU = Release|Any CPU
	EndGlobalSection
	GlobalSection(ProjectConfigurationPlatforms) = postSolution
		{3A7A4ABB-4CD5-474E-A8F6-2501A470F72F}.Debug|Any CPU.ActiveCfg = Debug|Any CPU
		{3A7A4ABB-4CD5-474E-A8F6-2501A470F72F}.Debug|Any CPU.Build.0 = Debug|Any CPU
		{3A7A4ABB-4CD5-474E-A8F6-2501A470F72F}.Release|Any CPU.ActiveCfg = Release|Any CPU
		{3A7A4ABB-4CD5-474E-A8F6-2501A470F72F}.Release|Any CPU.Build.0 = Release|Any CPU
		{03574053-23A1-43BB-B34C-2FB72AFD4676}.Debug|Any CPU.ActiveCfg = Debug|Any CPU
		{03574053-23A1-43BB-B34C-2FB72AFD4676}.Debug|Any CPU.Build.0 = Debug|Any CPU
		{03574053-23A1-43BB-B34C-2FB72AFD4676}.Release|Any CPU.ActiveCfg = Release|Any CPU
		{03574053-23A1-43BB-B34C-2FB72AFD4676}.Release|Any CPU.Build.0 = Release|Any CPU
		{B1F92219-1FB4-4DCA-99E8-720C66978B4B}.Debug|Any CPU.ActiveCfg = Debug|Any CPU
		{B1F92219-1FB4-4DCA-99E8-720C66978B4B}.Debug|Any CPU.Build.0 = Debug|Any CPU
		{B1F92219-1FB4-4DCA-99E8-720C66978B4B}.Release|Any CPU.ActiveCfg = Release|Any CPU
		{B1F92219-1FB4-4DCA-99E8-720C66978B4B}.Release|Any CPU.Build.0 = Release|Any CPU
		{063C652A-AF08-42A3-BD27-6780706D3C7B}.Debug|Any CPU.ActiveCfg = Debug|Any CPU
		{063C652A-AF08-42A3-BD27-6780706D3C7B}.Debug|Any CPU.Build.0 = Debug|Any CPU
		{063C652A-AF08-42A3-BD27-6780706D3C7B}.Release|Any CPU.ActiveCfg = Release|Any CPU
		{063C652A-AF08-42A3-BD27-6780706D3C7B}.Release|Any CPU.Build.0 = Release|Any CPU
	EndGlobalSection
	GlobalSection(SolutionProperties) = preSolution
		HideSolutionNode = FALSE
	EndGlobalSection
	GlobalSection(ExtensibilityGlobals) = postSolution
		SolutionGuid = {E68F820F-4CDD-4A1B-9D22-1DD3BCE02539}
	EndGlobalSection
EndGlobal
